PODS:
  - Alamofire (5.7.1)
  - Kingfisher (7.9.0)
  - Loaf (0.7.0)
  - Realm (10.42.0):
    - Realm/Headers (= 10.42.0)
  - Realm/Headers (10.42.0)
  - RealmSwift (10.42.0):
    - Realm (= 10.42.0)
  - SwiftyJSON (4.3.0)

DEPENDENCIES:
  - Alamofire
  - Kingfisher (~> 7.0)
  - Loaf
  - RealmSwift (~> 10)
  - SwiftyJSON (~> 4.0)

SPEC REPOS:
  trunk:
    - Alamofire
    - Kingfisher
    - Loaf
    - Realm
    - RealmSwift
    - SwiftyJSON

SPEC CHECKSUMS:
  Alamofire: 0123a34370cb170936ae79a8df46cc62b2edeb88
  Kingfisher: 59f908b6d2f403b0a3e539debb0eec05cb27002c
  Loaf: d69937cd00649f3fa260beb8b7aef0a1feb861ef
  Realm: 490aad28f1360e58fc22256d5d686d3a36525346
  RealmSwift: f6a9b56d747bbdd7931de1835896c5f024b6898a
  SwiftyJSON: 6faa0040f8b59dead0ee07436cbf76b73c08fd08

PODFILE CHECKSUM: 50cc3488805442dc57912dab953bf900f2eb5f2a

COCOAPODS: 1.12.1
